{
  "name": "meal_planner_app",
  "lockfileVersion": 3,
  "requires": true,
  "packages": {
    "": {
      "dependencies": {
        "create-next-app": "^15.0.1"
      }
    },
    "node_modules/create-next-app": {
      "version": "15.0.1",
      "resolved": "https://registry.npmjs.org/create-next-app/-/create-next-app-15.0.1.tgz",
      "integrity": "sha512-ZH9sDsZwb/pZVhHl9xncVDX6t6mEN7PPZUcgOhr/8/skqLXQZkRwcLEsrk7KnRLbx9an/2QEezIIbcsPEtzsCg==",
      "license": "MIT",
      "bin": {
        "create-next-app": "dist/index.js"
      },
      "engines": {
        "node": ">=18.18.0"
      }
    }
  }
}
